// !$*UTF8*$!
{
	archiveVersion = 1;
	classes = {
	};
	objectVersion = 56;
	objects = {

/* Begin PBXBuildFile section */
		955FB5362B67FD9F00A3A103 /* HexagonParameters.swift in Sources */ = {isa = PBXBuildFile; fileRef = 955FB5352B67FD9F00A3A103 /* HexagonParameters.swift */; };
		955FB5382B67FF2D00A3A103 /* BadgeBackground.swift in Sources */ = {isa = PBXBuildFile; fileRef = 955FB5372B67FF2D00A3A103 /* BadgeBackground.swift */; };
		9578163C2B6117AA00180EE6 /* LandmarksApp.swift in Sources */ = {isa = PBXBuildFile; fileRef = 9578163B2B6117AA00180EE6 /* LandmarksApp.swift */; };
		9578163E2B6117AA00180EE6 /* ContentView.swift in Sources */ = {isa = PBXBuildFile; fileRef = 9578163D2B6117AA00180EE6 /* ContentView.swift */; };
		957816402B6117AD00180EE6 /* Assets.xcassets in Resources */ = {isa = PBXBuildFile; fileRef = 9578163F2B6117AD00180EE6 /* Assets.xcassets */; };
		957816432B6117AD00180EE6 /* Preview Assets.xcassets in Resources */ = {isa = PBXBuildFile; fileRef = 957816422B6117AD00180EE6 /* Preview Assets.xcassets */; };
		9578164D2B6117AE00180EE6 /* LandmarksTests.swift in Sources */ = {isa = PBXBuildFile; fileRef = 9578164C2B6117AE00180EE6 /* LandmarksTests.swift */; };
		957816572B6117AE00180EE6 /* LandmarksUITests.swift in Sources */ = {isa = PBXBuildFile; fileRef = 957816562B6117AE00180EE6 /* LandmarksUITests.swift */; };
		957816592B6117AE00180EE6 /* LandmarksUITestsLaunchTests.swift in Sources */ = {isa = PBXBuildFile; fileRef = 957816582B6117AE00180EE6 /* LandmarksUITestsLaunchTests.swift */; };
		957816662B611E9200180EE6 /* CircleImage.swift in Sources */ = {isa = PBXBuildFile; fileRef = 957816652B611E9200180EE6 /* CircleImage.swift */; };
		957816682B611F9100180EE6 /* MapView.swift in Sources */ = {isa = PBXBuildFile; fileRef = 957816672B611F9100180EE6 /* MapView.swift */; };
		9578166A2B61239700180EE6 /* landmarkData.json in Resources */ = {isa = PBXBuildFile; fileRef = 957816692B61239700180EE6 /* landmarkData.json */; };
		9578166C2B6123C400180EE6 /* Landmark.swift in Sources */ = {isa = PBXBuildFile; fileRef = 9578166B2B6123C400180EE6 /* Landmark.swift */; };
		9578166E2B61253E00180EE6 /* ModelData.swift in Sources */ = {isa = PBXBuildFile; fileRef = 9578166D2B61253E00180EE6 /* ModelData.swift */; };
		957816732B625F2E00180EE6 /* LandmarkRow.swift in Sources */ = {isa = PBXBuildFile; fileRef = 957816722B625F2E00180EE6 /* LandmarkRow.swift */; };
		957816752B6260EE00180EE6 /* LandmarkList.swift in Sources */ = {isa = PBXBuildFile; fileRef = 957816742B6260EE00180EE6 /* LandmarkList.swift */; };
		957816772B62629700180EE6 /* LandmarkDetail.swift in Sources */ = {isa = PBXBuildFile; fileRef = 957816762B62629700180EE6 /* LandmarkDetail.swift */; };
		957816792B6290F200180EE6 /* FavoriteButton.swift in Sources */ = {isa = PBXBuildFile; fileRef = 957816782B6290F200180EE6 /* FavoriteButton.swift */; };
/* End PBXBuildFile section */

/* Begin PBXContainerItemProxy section */
		957816492B6117AE00180EE6 /* PBXContainerItemProxy */ = {
			isa = PBXContainerItemProxy;
			containerPortal = 957816302B6117AA00180EE6 /* Project object */;
			proxyType = 1;
			remoteGlobalIDString = 957816372B6117AA00180EE6;
			remoteInfo = Landmarks;
		};
		957816532B6117AE00180EE6 /* PBXContainerItemProxy */ = {
			isa = PBXContainerItemProxy;
			containerPortal = 957816302B6117AA00180EE6 /* Project object */;
			proxyType = 1;
			remoteGlobalIDString = 957816372B6117AA00180EE6;
			remoteInfo = Landmarks;
		};
/* End PBXContainerItemProxy section */

/* Begin PBXFileReference section */
		955FB5352B67FD9F00A3A103 /* HexagonParameters.swift */ = {isa = PBXFileReference; lastKnownFileType = sourcecode.swift; path = HexagonParameters.swift; sourceTree = "<group>"; };
		955FB5372B67FF2D00A3A103 /* BadgeBackground.swift */ = {isa = PBXFileReference; lastKnownFileType = sourcecode.swift; path = BadgeBackground.swift; sourceTree = "<group>"; };
		957816382B6117AA00180EE6 /* Landmarks.app */ = {isa = PBXFileReference; explicitFileType = wrapper.application; includeInIndex = 0; path = Landmarks.app; sourceTree = BUILT_PRODUCTS_DIR; };
		9578163B2B6117AA00180EE6 /* LandmarksApp.swift */ = {isa = PBXFileReference; lastKnownFileType = sourcecode.swift; path = LandmarksApp.swift; sourceTree = "<group>"; };
		9578163D2B6117AA00180EE6 /* ContentView.swift */ = {isa = PBXFileReference; lastKnownFileType = sourcecode.swift; path = ContentView.swift; sourceTree = "<group>"; };
		9578163F2B6117AD00180EE6 /* Assets.xcassets */ = {isa = PBXFileReference; lastKnownFileType = folder.assetcatalog; path = Assets.xcassets; sourceTree = "<group>"; };
		957816422B6117AD00180EE6 /* Preview Assets.xcassets */ = {isa = PBXFileReference; lastKnownFileType = folder.assetcatalog; path = "Preview Assets.xcassets"; sourceTree = "<group>"; };
		957816482B6117AE00180EE6 /* LandmarksTests.xctest */ = {isa = PBXFileReference; explicitFileType = wrapper.cfbundle; includeInIndex = 0; path = LandmarksTests.xctest; sourceTree = BUILT_PRODUCTS_DIR; };
		9578164C2B6117AE00180EE6 /* LandmarksTests.swift */ = {isa = PBXFileReference; lastKnownFileType = sourcecode.swift; path = LandmarksTests.swift; sourceTree = "<group>"; };
		957816522B6117AE00180EE6 /* LandmarksUITests.xctest */ = {isa = PBXFileReference; explicitFileType = wrapper.cfbundle; includeInIndex = 0; path = LandmarksUITests.xctest; sourceTree = BUILT_PRODUCTS_DIR; };
		957816562B6117AE00180EE6 /* LandmarksUITests.swift */ = {isa = PBXFileReference; lastKnownFileType = sourcecode.swift; path = LandmarksUITests.swift; sourceTree = "<group>"; };
		957816582B6117AE00180EE6 /* LandmarksUITestsLaunchTests.swift */ = {isa = PBXFileReference; lastKnownFileType = sourcecode.swift; path = LandmarksUITestsLaunchTests.swift; sourceTree = "<group>"; };
		957816652B611E9200180EE6 /* CircleImage.swift */ = {isa = PBXFileReference; lastKnownFileType = sourcecode.swift; path = CircleImage.swift; sourceTree = "<group>"; };
		957816672B611F9100180EE6 /* MapView.swift */ = {isa = PBXFileReference; lastKnownFileType = sourcecode.swift; path = MapView.swift; sourceTree = "<group>"; };
		957816692B61239700180EE6 /* landmarkData.json */ = {isa = PBXFileReference; fileEncoding = 4; lastKnownFileType = text.json; path = landmarkData.json; sourceTree = "<group>"; };
		9578166B2B6123C400180EE6 /* Landmark.swift */ = {isa = PBXFileReference; lastKnownFileType = sourcecode.swift; path = Landmark.swift; sourceTree = "<group>"; };
		9578166D2B61253E00180EE6 /* ModelData.swift */ = {isa = PBXFileReference; lastKnownFileType = sourcecode.swift; path = ModelData.swift; sourceTree = "<group>"; };
		957816722B625F2E00180EE6 /* LandmarkRow.swift */ = {isa = PBXFileReference; lastKnownFileType = sourcecode.swift; path = LandmarkRow.swift; sourceTree = "<group>"; };
		957816742B6260EE00180EE6 /* LandmarkList.swift */ = {isa = PBXFileReference; lastKnownFileType = sourcecode.swift; path = LandmarkList.swift; sourceTree = "<group>"; };
		957816762B62629700180EE6 /* LandmarkDetail.swift */ = {isa = PBXFileReference; lastKnownFileType = sourcecode.swift; path = LandmarkDetail.swift; sourceTree = "<group>"; };
		957816782B6290F200180EE6 /* FavoriteButton.swift */ = {isa = PBXFileReference; lastKnownFileType = sourcecode.swift; path = FavoriteButton.swift; sourceTree = "<group>"; };
/* End PBXFileReference section */

/* Begin PBXFrameworksBuildPhase section */
		957816352B6117AA00180EE6 /* Frameworks */ = {
			isa = PBXFrameworksBuildPhase;
			buildActionMask = 2147483647;
			files = (
			);
			runOnlyForDeploymentPostprocessing = 0;
		};
		957816452B6117AE00180EE6 /* Frameworks */ = {
			isa = PBXFrameworksBuildPhase;
			buildActionMask = 2147483647;
			files = (
			);
			runOnlyForDeploymentPostprocessing = 0;
		};
		9578164F2B6117AE00180EE6 /* Frameworks */ = {
			isa = PBXFrameworksBuildPhase;
			buildActionMask = 2147483647;
			files = (
			);
			runOnlyForDeploymentPostprocessing = 0;
		};
/* End PBXFrameworksBuildPhase section */

/* Begin PBXGroup section */
		9578162F2B6117AA00180EE6 = {
			isa = PBXGroup;
			children = (
				9578163A2B6117AA00180EE6 /* Landmarks */,
				9578164B2B6117AE00180EE6 /* LandmarksTests */,
				957816552B6117AE00180EE6 /* LandmarksUITests */,
				957816392B6117AA00180EE6 /* Products */,
			);
			sourceTree = "<group>";
		};
		957816392B6117AA00180EE6 /* Products */ = {
			isa = PBXGroup;
			children = (
				957816382B6117AA00180EE6 /* Landmarks.app */,
				957816482B6117AE00180EE6 /* LandmarksTests.xctest */,
				957816522B6117AE00180EE6 /* LandmarksUITests.xctest */,
			);
			name = Products;
			sourceTree = "<group>";
		};
		9578163A2B6117AA00180EE6 /* Landmarks */ = {
			isa = PBXGroup;
			children = (
				9578163B2B6117AA00180EE6 /* LandmarksApp.swift */,
				9578166F2B625E6700180EE6 /* Views */,
				957816702B625E7000180EE6 /* Model */,
				957816712B625E7A00180EE6 /* Resources */,
				9578163F2B6117AD00180EE6 /* Assets.xcassets */,
				957816412B6117AD00180EE6 /* Preview Content */,
			);
			path = Landmarks;
			sourceTree = "<group>";
		};
		957816412B6117AD00180EE6 /* Preview Content */ = {
			isa = PBXGroup;
			children = (
				957816422B6117AD00180EE6 /* Preview Assets.xcassets */,
			);
			path = "Preview Content";
			sourceTree = "<group>";
		};
		9578164B2B6117AE00180EE6 /* LandmarksTests */ = {
			isa = PBXGroup;
			children = (
				9578164C2B6117AE00180EE6 /* LandmarksTests.swift */,
			);
			path = LandmarksTests;
			sourceTree = "<group>";
		};
		957816552B6117AE00180EE6 /* LandmarksUITests */ = {
			isa = PBXGroup;
			children = (
				957816562B6117AE00180EE6 /* LandmarksUITests.swift */,
				957816582B6117AE00180EE6 /* LandmarksUITestsLaunchTests.swift */,
			);
			path = LandmarksUITests;
			sourceTree = "<group>";
		};
		9578166F2B625E6700180EE6 /* Views */ = {
			isa = PBXGroup;
			children = (
				9578163D2B6117AA00180EE6 /* ContentView.swift */,
				9578167A2B6291AA00180EE6 /* Landmarks */,
				9578167B2B6291B100180EE6 /* Helpers */,
				955FB5352B67FD9F00A3A103 /* HexagonParameters.swift */,
				955FB5372B67FF2D00A3A103 /* BadgeBackground.swift */,
			);
			path = Views;
			sourceTree = "<group>";
		};
		957816702B625E7000180EE6 /* Model */ = {
			isa = PBXGroup;
			children = (
				9578166D2B61253E00180EE6 /* ModelData.swift */,
				9578166B2B6123C400180EE6 /* Landmark.swift */,
			);
			path = Model;
			sourceTree = "<group>";
		};
		957816712B625E7A00180EE6 /* Resources */ = {
			isa = PBXGroup;
			children = (
				957816692B61239700180EE6 /* landmarkData.json */,
			);
			path = Resources;
			sourceTree = "<group>";
		};
		9578167A2B6291AA00180EE6 /* Landmarks */ = {
			isa = PBXGroup;
			children = (
				957816742B6260EE00180EE6 /* LandmarkList.swift */,
				957816722B625F2E00180EE6 /* LandmarkRow.swift */,
				957816762B62629700180EE6 /* LandmarkDetail.swift */,
			);
			path = Landmarks;
			sourceTree = "<group>";
		};
		9578167B2B6291B100180EE6 /* Helpers */ = {
			isa = PBXGroup;
			children = (
				957816652B611E9200180EE6 /* CircleImage.swift */,
				957816672B611F9100180EE6 /* MapView.swift */,
				957816782B6290F200180EE6 /* FavoriteButton.swift */,
			);
			path = Helpers;
			sourceTree = "<group>";
		};
/* End PBXGroup section */

/* Begin PBXNativeTarget section */
		957816372B6117AA00180EE6 /* Landmarks */ = {
			isa = PBXNativeTarget;
			buildConfigurationList = 9578165C2B6117AE00180EE6 /* Build configuration list for PBXNativeTarget "Landmarks" */;
			buildPhases = (
				957816342B6117AA00180EE6 /* Sources */,
				957816352B6117AA00180EE6 /* Frameworks */,
				957816362B6117AA00180EE6 /* Resources */,
			);
			buildRules = (
			);
			dependencies = (
			);
			name = Landmarks;
			productName = Landmarks;
			productReference = 957816382B6117AA00180EE6 /* Landmarks.app */;
			productType = "com.apple.product-type.application";
		};
		957816472B6117AE00180EE6 /* LandmarksTests */ = {
			isa = PBXNativeTarget;
			buildConfigurationList = 9578165F2B6117AE00180EE6 /* Build configuration list for PBXNativeTarget "LandmarksTests" */;
			buildPhases = (
				957816442B6117AE00180EE6 /* Sources */,
				957816452B6117AE00180EE6 /* Frameworks */,
				957816462B6117AE00180EE6 /* Resources */,
			);
			buildRules = (
			);
			dependencies = (
				9578164A2B6117AE00180EE6 /* PBXTargetDependency */,
			);
			name = LandmarksTests;
			productName = LandmarksTests;
			productReference = 957816482B6117AE00180EE6 /* LandmarksTests.xctest */;
			productType = "com.apple.product-type.bundle.unit-test";
		};
		957816512B6117AE00180EE6 /* LandmarksUITests */ = {
			isa = PBXNativeTarget;
			buildConfigurationList = 957816622B6117AE00180EE6 /* Build configuration list for PBXNativeTarget "LandmarksUITests" */;
			buildPhases = (
				9578164E2B6117AE00180EE6 /* Sources */,
				9578164F2B6117AE00180EE6 /* Frameworks */,
				957816502B6117AE00180EE6 /* Resources */,
			);
			buildRules = (
			);
			dependencies = (
				957816542B6117AE00180EE6 /* PBXTargetDependency */,
			);
			name = LandmarksUITests;
			productName = LandmarksUITests;
			productReference = 957816522B6117AE00180EE6 /* LandmarksUITests.xctest */;
			productType = "com.apple.product-type.bundle.ui-testing";
		};
/* End PBXNativeTarget section */

/* Begin PBXProject section */
		957816302B6117AA00180EE6 /* Project object */ = {
			isa = PBXProject;
			attributes = {
				BuildIndependentTargetsInParallel = 1;
				LastSwiftUpdateCheck = 1520;
				LastUpgradeCheck = 1520;
				TargetAttributes = {
					957816372B6117AA00180EE6 = {
						CreatedOnToolsVersion = 15.2;
					};
					957816472B6117AE00180EE6 = {
						CreatedOnToolsVersion = 15.2;
						TestTargetID = 957816372B6117AA00180EE6;
					};
					957816512B6117AE00180EE6 = {
						CreatedOnToolsVersion = 15.2;
						TestTargetID = 957816372B6117AA00180EE6;
					};
				};
			};
			buildConfigurationList = 957816332B6117AA00180EE6 /* Build configuration list for PBXProject "Landmarks" */;
			compatibilityVersion = "Xcode 14.0";
			developmentRegion = en;
			hasScannedForEncodings = 0;
			knownRegions = (
				en,
				Base,
			);
			mainGroup = 9578162F2B6117AA00180EE6;
			productRefGroup = 957816392B6117AA00180EE6 /* Products */;
			projectDirPath = "";
			projectRoot = "";
			targets = (
				957816372B6117AA00180EE6 /* Landmarks */,
				957816472B6117AE00180EE6 /* LandmarksTests */,
				957816512B6117AE00180EE6 /* LandmarksUITests */,
			);
		};
/* End PBXProject section */

/* Begin PBXResourcesBuildPhase section */
		957816362B6117AA00180EE6 /* Resources */ = {
			isa = PBXResourcesBuildPhase;
			buildActionMask = 2147483647;
			files = (
				957816432B6117AD00180EE6 /* Preview Assets.xcassets in Resources */,
				957816402B6117AD00180EE6 /* Assets.xcassets in Resources */,
				9578166A2B61239700180EE6 /* landmarkData.json in Resources */,
			);
			runOnlyForDeploymentPostprocessing = 0;
		};
		957816462B6117AE00180EE6 /* Resources */ = {
			isa = PBXResourcesBuildPhase;
			buildActionMask = 2147483647;
			files = (
			);
			runOnlyForDeploymentPostprocessing = 0;
		};
		957816502B6117AE00180EE6 /* Resources */ = {
			isa = PBXResourcesBuildPhase;
			buildActionMask = 2147483647;
			files = (
			);
			runOnlyForDeploymentPostprocessing = 0;
		};
/* End PBXResourcesBuildPhase section */

/* Begin PBXSourcesBuildPhase section */
		957816342B6117AA00180EE6 /* Sources */ = {
			isa = PBXSourcesBuildPhase;
			buildActionMask = 2147483647;
			files = (
				9578163E2B6117AA00180EE6 /* ContentView.swift in Sources */,
				957816682B611F9100180EE6 /* MapView.swift in Sources */,
				9578163C2B6117AA00180EE6 /* LandmarksApp.swift in Sources */,
				957816792B6290F200180EE6 /* FavoriteButton.swift in Sources */,
				955FB5362B67FD9F00A3A103 /* HexagonParameters.swift in Sources */,
				957816752B6260EE00180EE6 /* LandmarkList.swift in Sources */,
				957816772B62629700180EE6 /* LandmarkDetail.swift in Sources */,
				955FB5382B67FF2D00A3A103 /* BadgeBackground.swift in Sources */,
				957816662B611E9200180EE6 /* CircleImage.swift in Sources */,
				9578166C2B6123C400180EE6 /* Landmark.swift in Sources */,
				957816732B625F2E00180EE6 /* LandmarkRow.swift in Sources */,
				9578166E2B61253E00180EE6 /* ModelData.swift in Sources */,
			);
			runOnlyForDeploymentPostprocessing = 0;
		};
		957816442B6117AE00180EE6 /* Sources */ = {
			isa = PBXSourcesBuildPhase;
			buildActionMask = 2147483647;
			files = (
				9578164D2B6117AE00180EE6 /* LandmarksTests.swift in Sources */,
			);
			runOnlyForDeploymentPostprocessing = 0;
		};
		9578164E2B6117AE00180EE6 /* Sources */ = {
			isa = PBXSourcesBuildPhase;
			buildActionMask = 2147483647;
			files = (
				957816592B6117AE00180EE6 /* LandmarksUITestsLaunchTests.swift in Sources */,
				957816572B6117AE00180EE6 /* LandmarksUITests.swift in Sources */,
			);
			runOnlyForDeploymentPostprocessing = 0;
		};
/* End PBXSourcesBuildPhase section */

/* Begin PBXTargetDependency section */
		9578164A2B6117AE00180EE6 /* PBXTargetDependency */ = {
			isa = PBXTargetDependency;
			target = 957816372B6117AA00180EE6 /* Landmarks */;
			targetProxy = 957816492B6117AE00180EE6 /* PBXContainerItemProxy */;
		};
		957816542B6117AE00180EE6 /* PBXTargetDependency */ = {
			isa = PBXTargetDependency;
			target = 957816372B6117AA00180EE6 /* Landmarks */;
			targetProxy = 957816532B6117AE00180EE6 /* PBXContainerItemProxy */;
		};
/* End PBXTargetDependency section */

/* Begin XCBuildConfiguration section */
		9578165A2B6117AE00180EE6 /* Debug */ = {
			isa = XCBuildConfiguration;
			buildSettings = {
				ALWAYS_SEARCH_USER_PATHS = NO;
				ASSETCATALOG_COMPILER_GENERATE_SWIFT_ASSET_SYMBOL_EXTENSIONS = YES;
				CLANG_ANALYZER_NONNULL = YES;
				CLANG_ANALYZER_NUMBER_OBJECT_CONVERSION = YES_AGGRESSIVE;
				CLANG_CXX_LANGUAGE_STANDARD = "gnu++20";
				CLANG_ENABLE_MODULES = YES;
				CLANG_ENABLE_OBJC_ARC = YES;
				CLANG_ENABLE_OBJC_WEAK = YES;
				CLANG_WARN_BLOCK_CAPTURE_AUTORELEASING = YES;
				CLANG_WARN_BOOL_CONVERSION = YES;
				CLANG_WARN_COMMA = YES;
				CLANG_WARN_CONSTANT_CONVERSION = YES;
				CLANG_WARN_DEPRECATED_OBJC_IMPLEMENTATIONS = YES;
				CLANG_WARN_DIRECT_OBJC_ISA_USAGE = YES_ERROR;
				CLANG_WARN_DOCUMENTATION_COMMENTS = YES;
				CLANG_WARN_EMPTY_BODY = YES;
				CLANG_WARN_ENUM_CONVERSION = YES;
				CLANG_WARN_INFINITE_RECURSION = YES;
				CLANG_WARN_INT_CONVERSION = YES;
				CLANG_WARN_NON_LITERAL_NULL_CONVERSION = YES;
				CLANG_WARN_OBJC_IMPLICIT_RETAIN_SELF = YES;
				CLANG_WARN_OBJC_LITERAL_CONVERSION = YES;
				CLANG_WARN_OBJC_ROOT_CLASS = YES_ERROR;
				CLANG_WARN_QUOTED_INCLUDE_IN_FRAMEWORK_HEADER = YES;
				CLANG_WARN_RANGE_LOOP_ANALYSIS = YES;
				CLANG_WARN_STRICT_PROTOTYPES = YES;
				CLANG_WARN_SUSPICIOUS_MOVE = YES;
				CLANG_WARN_UNGUARDED_AVAILABILITY = YES_AGGRESSIVE;
				CLANG_WARN_UNREACHABLE_CODE = YES;
				CLANG_WARN__DUPLICATE_METHOD_MATCH = YES;
				COPY_PHASE_STRIP = NO;
				DEBUG_INFORMATION_FORMAT = dwarf;
				ENABLE_STRICT_OBJC_MSGSEND = YES;
				ENABLE_TESTABILITY = YES;
				ENABLE_USER_SCRIPT_SANDBOXING = YES;
				GCC_C_LANGUAGE_STANDARD = gnu17;
				GCC_DYNAMIC_NO_PIC = NO;
				GCC_NO_COMMON_BLOCKS = YES;
				GCC_OPTIMIZATION_LEVEL = 0;
				GCC_PREPROCESSOR_DEFINITIONS = (
					"DEBUG=1",
					"$(inherited)",
				);
				GCC_WARN_64_TO_32_BIT_CONVERSION = YES;
				GCC_WARN_ABOUT_RETURN_TYPE = YES_ERROR;
				GCC_WARN_UNDECLARED_SELECTOR = YES;
				GCC_WARN_UNINITIALIZED_AUTOS = YES_AGGRESSIVE;
				GCC_WARN_UNUSED_FUNCTION = YES;
				GCC_WARN_UNUSED_VARIABLE = YES;
				IPHONEOS_DEPLOYMENT_TARGET = 17.2;
				LOCALIZATION_PREFERS_STRING_CATALOGS = YES;
				MTL_ENABLE_DEBUG_INFO = INCLUDE_SOURCE;
				MTL_FAST_MATH = YES;
				ONLY_ACTIVE_ARCH = YES;
				SDKROOT = iphoneos;
				SWIFT_ACTIVE_COMPILATION_CONDITIONS = "DEBUG $(inherited)";
				SWIFT_OPTIMIZATION_LEVEL = "-Onone";
			};
			name = Debug;
		};
		9578165B2B6117AE00180EE6 /* Release */ = {
			isa = XCBuildConfiguration;
			buildSettings = {
				ALWAYS_SEARCH_USER_PATHS = NO;
				ASSETCATALOG_COMPILER_GENERATE_SWIFT_ASSET_SYMBOL_EXTENSIONS = YES;
				CLANG_ANALYZER_NONNULL = YES;
				CLANG_ANALYZER_NUMBER_OBJECT_CONVERSION = YES_AGGRESSIVE;
				CLANG_CXX_LANGUAGE_STANDARD = "gnu++20";
				CLANG_ENABLE_MODULES = YES;
				CLANG_ENABLE_OBJC_ARC = YES;
				CLANG_ENABLE_OBJC_WEAK = YES;
				CLANG_WARN_BLOCK_CAPTURE_AUTORELEASING = YES;
				CLANG_WARN_BOOL_CONVERSION = YES;
				CLANG_WARN_COMMA = YES;
				CLANG_WARN_CONSTANT_CONVERSION = YES;
				CLANG_WARN_DEPRECATED_OBJC_IMPLEMENTATIONS = YES;
				CLANG_WARN_DIRECT_OBJC_ISA_USAGE = YES_ERROR;
				CLANG_WARN_DOCUMENTATION_COMMENTS = YES;
				CLANG_WARN_EMPTY_BODY = YES;
				CLANG_WARN_ENUM_CONVERSION = YES;
				CLANG_WARN_INFINITE_RECURSION = YES;
				CLANG_WARN_INT_CONVERSION = YES;
				CLANG_WARN_NON_LITERAL_NULL_CONVERSION = YES;
				CLANG_WARN_OBJC_IMPLICIT_RETAIN_SELF = YES;
				CLANG_WARN_OBJC_LITERAL_CONVERSION = YES;
				CLANG_WARN_OBJC_ROOT_CLASS = YES_ERROR;
				CLANG_WARN_QUOTED_INCLUDE_IN_FRAMEWORK_HEADER = YES;
				CLANG_WARN_RANGE_LOOP_ANALYSIS = YES;
				CLANG_WARN_STRICT_PROTOTYPES = YES;
				CLANG_WARN_SUSPICIOUS_MOVE = YES;
				CLANG_WARN_UNGUARDED_AVAILABILITY = YES_AGGRESSIVE;
				CLANG_WARN_UNREACHABLE_CODE = YES;
				CLANG_WARN__DUPLICATE_METHOD_MATCH = YES;
				COPY_PHASE_STRIP = NO;
				DEBUG_INFORMATION_FORMAT = "dwarf-with-dsym";
				ENABLE_NS_ASSERTIONS = NO;
				ENABLE_STRICT_OBJC_MSGSEND = YES;
				ENABLE_USER_SCRIPT_SANDBOXING = YES;
				GCC_C_LANGUAGE_STANDARD = gnu17;
				GCC_NO_COMMON_BLOCKS = YES;
				GCC_WARN_64_TO_32_BIT_CONVERSION = YES;
				GCC_WARN_ABOUT_RETURN_TYPE = YES_ERROR;
				GCC_WARN_UNDECLARED_SELECTOR = YES;
				GCC_WARN_UNINITIALIZED_AUTOS = YES_AGGRESSIVE;
				GCC_WARN_UNUSED_FUNCTION = YES;
				GCC_WARN_UNUSED_VARIABLE = YES;
				IPHONEOS_DEPLOYMENT_TARGET = 17.2;
				LOCALIZATION_PREFERS_STRING_CATALOGS = YES;
				MTL_ENABLE_DEBUG_INFO = NO;
				MTL_FAST_MATH = YES;
				SDKROOT = iphoneos;
				SWIFT_COMPILATION_MODE = wholemodule;
				VALIDATE_PRODUCT = YES;
			};
			name = Release;
		};
		9578165D2B6117AE00180EE6 /* Debug */ = {
			isa = XCBuildConfiguration;
			buildSettings = {
				ASSETCATALOG_COMPILER_APPICON_NAME = AppIcon;
				ASSETCATALOG_COMPILER_GLOBAL_ACCENT_COLOR_NAME = AccentColor;
				CODE_SIGN_STYLE = Automatic;
				CURRENT_PROJECT_VERSION = 1;
				DEVELOPMENT_ASSET_PATHS = "\"Landmarks/Preview Content\"";
				ENABLE_PREVIEWS = YES;
				GENERATE_INFOPLIST_FILE = YES;
				INFOPLIST_KEY_UIApplicationSceneManifest_Generation = YES;
				INFOPLIST_KEY_UIApplicationSupportsIndirectInputEvents = YES;
				INFOPLIST_KEY_UILaunchScreen_Generation = YES;
				INFOPLIST_KEY_UISupportedInterfaceOrientations_iPad = "UIInterfaceOrientationPortrait UIInterfaceOrientationPortraitUpsideDown UIInterfaceOrientationLandscapeLeft UIInterfaceOrientationLandscapeRight";
				INFOPLIST_KEY_UISupportedInterfaceOrientations_iPhone = "UIInterfaceOrientationPortrait UIInterfaceOrientationLandscapeLeft UIInterfaceOrientationLandscapeRight";
				LD_RUNPATH_SEARCH_PATHS = (
					"$(inherited)",
					"@executable_path/Frameworks",
				);
				MARKETING_VERSION = 1.0;
				PRODUCT_BUNDLE_IDENTIFIER = com.gmail.pjmdopheide.Landmarks;
				PRODUCT_NAME = "$(TARGET_NAME)";
				SWIFT_EMIT_LOC_STRINGS = YES;
				SWIFT_VERSION = 5.0;
				TARGETED_DEVICE_FAMILY = "1,2";
			};
			name = Debug;
		};
		9578165E2B6117AE00180EE6 /* Release */ = {
			isa = XCBuildConfiguration;
			buildSettings = {
				ASSETCATALOG_COMPILER_APPICON_NAME = AppIcon;
				ASSETCATALOG_COMPILER_GLOBAL_ACCENT_COLOR_NAME = AccentColor;
				CODE_SIGN_STYLE = Automatic;
				CURRENT_PROJECT_VERSION = 1;
				DEVELOPMENT_ASSET_PATHS = "\"Landmarks/Preview Content\"";
				ENABLE_PREVIEWS = YES;
				GENERATE_INFOPLIST_FILE = YES;
				INFOPLIST_KEY_UIApplicationSceneManifest_Generation = YES;
				INFOPLIST_KEY_UIApplicationSupportsIndirectInputEvents = YES;
				INFOPLIST_KEY_UILaunchScreen_Generation = YES;
				INFOPLIST_KEY_UISupportedInterfaceOrientations_iPad = "UIInterfaceOrientationPortrait UIInterfaceOrientationPortraitUpsideDown UIInterfaceOrientationLandscapeLeft UIInterfaceOrientationLandscapeRight";
				INFOPLIST_KEY_UISupportedInterfaceOrientations_iPhone = "UIInterfaceOrientationPortrait UIInterfaceOrientationLandscapeLeft UIInterfaceOrientationLandscapeRight";
				LD_RUNPATH_SEARCH_PATHS = (
					"$(inherited)",
					"@executable_path/Frameworks",
				);
				MARKETING_VERSION = 1.0;
				PRODUCT_BUNDLE_IDENTIFIER = com.gmail.pjmdopheide.Landmarks;
				PRODUCT_NAME = "$(TARGET_NAME)";
				SWIFT_EMIT_LOC_STRINGS = YES;
				SWIFT_VERSION = 5.0;
				TARGETED_DEVICE_FAMILY = "1,2";
			};
			name = Release;
		};
		957816602B6117AE00180EE6 /* Debug */ = {
			isa = XCBuildConfiguration;
			buildSettings = {
				ALWAYS_EMBED_SWIFT_STANDARD_LIBRARIES = YES;
				BUNDLE_LOADER = "$(TEST_HOST)";
				CODE_SIGN_STYLE = Automatic;
				CURRENT_PROJECT_VERSION = 1;
				GENERATE_INFOPLIST_FILE = YES;
				IPHONEOS_DEPLOYMENT_TARGET = 17.2;
				MARKETING_VERSION = 1.0;
				PRODUCT_BUNDLE_IDENTIFIER = com.gmail.pjmdopheide.LandmarksTests;
				PRODUCT_NAME = "$(TARGET_NAME)";
				SWIFT_EMIT_LOC_STRINGS = NO;
				SWIFT_VERSION = 5.0;
				TARGETED_DEVICE_FAMILY = "1,2";
				TEST_HOST = "$(BUILT_PRODUCTS_DIR)/Landmarks.app/$(BUNDLE_EXECUTABLE_FOLDER_PATH)/Landmarks";
			};
			name = Debug;
		};
		957816612B6117AE00180EE6 /* Release */ = {
			isa = XCBuildConfiguration;
			buildSettings = {
				ALWAYS_EMBED_SWIFT_STANDARD_LIBRARIES = YES;
				BUNDLE_LOADER = "$(TEST_HOST)";
				CODE_SIGN_STYLE = Automatic;
				CURRENT_PROJECT_VERSION = 1;
				GENERATE_INFOPLIST_FILE = YES;
				IPHONEOS_DEPLOYMENT_TARGET = 17.2;
				MARKETING_VERSION = 1.0;
				PRODUCT_BUNDLE_IDENTIFIER = com.gmail.pjmdopheide.LandmarksTests;
				PRODUCT_NAME = "$(TARGET_NAME)";
				SWIFT_EMIT_LOC_STRINGS = NO;
				SWIFT_VERSION = 5.0;
				TARGETED_DEVICE_FAMILY = "1,2";
				TEST_HOST = "$(BUILT_PRODUCTS_DIR)/Landmarks.app/$(BUNDLE_EXECUTABLE_FOLDER_PATH)/Landmarks";
			};
			name = Release;
		};
		957816632B6117AE00180EE6 /* Debug */ = {
			isa = XCBuildConfiguration;
			buildSettings = {
				ALWAYS_EMBED_SWIFT_STANDARD_LIBRARIES = YES;
				CODE_SIGN_STYLE = Automatic;
				CURRENT_PROJECT_VERSION = 1;
				GENERATE_INFOPLIST_FILE = YES;
				MARKETING_VERSION = 1.0;
				PRODUCT_BUNDLE_IDENTIFIER = com.gmail.pjmdopheide.LandmarksUITests;
				PRODUCT_NAME = "$(TARGET_NAME)";
				SWIFT_EMIT_LOC_STRINGS = NO;
				SWIFT_VERSION = 5.0;
				TARGETED_DEVICE_FAMILY = "1,2";
				TEST_TARGET_NAME = Landmarks;
			};
			name = Debug;
		};
		957816642B6117AE00180EE6 /* Release */ = {
			isa = XCBuildConfiguration;
			buildSettings = {
				ALWAYS_EMBED_SWIFT_STANDARD_LIBRARIES = YES;
				CODE_SIGN_STYLE = Automatic;
				CURRENT_PROJECT_VERSION = 1;
				GENERATE_INFOPLIST_FILE = YES;
				MARKETING_VERSION = 1.0;
				PRODUCT_BUNDLE_IDENTIFIER = com.gmail.pjmdopheide.LandmarksUITests;
				PRODUCT_NAME = "$(TARGET_NAME)";
				SWIFT_EMIT_LOC_STRINGS = NO;
				SWIFT_VERSION = 5.0;
				TARGETED_DEVICE_FAMILY = "1,2";
				TEST_TARGET_NAME = Landmarks;
			};
			name = Release;
		};
/* End XCBuildConfiguration section */

/* Begin XCConfigurationList section */
		957816332B6117AA00180EE6 /* Build configuration list for PBXProject "Landmarks" */ = {
			isa = XCConfigurationList;
			buildConfigurations = (
				9578165A2B6117AE00180EE6 /* Debug */,
				9578165B2B6117AE00180EE6 /* Release */,
			);
			defaultConfigurationIsVisible = 0;
			defaultConfigurationName = Release;
		};
		9578165C2B6117AE00180EE6 /* Build configuration list for PBXNativeTarget "Landmarks" */ = {
			isa = XCConfigurationList;
			buildConfigurations = (
				9578165D2B6117AE00180EE6 /* Debug */,
				9578165E2B6117AE00180EE6 /* Release */,
			);
			defaultConfigurationIsVisible = 0;
			defaultConfigurationName = Release;
		};
		9578165F2B6117AE00180EE6 /* Build configuration list for PBXNativeTarget "LandmarksTests" */ = {
			isa = XCConfigurationList;
			buildConfigurations = (
				957816602B6117AE00180EE6 /* Debug */,
				957816612B6117AE00180EE6 /* Release */,
			);
			defaultConfigurationIsVisible = 0;
			defaultConfigurationName = Release;
		};
		957816622B6117AE00180EE6 /* Build configuration list for PBXNativeTarget "LandmarksUITests" */ = {
			isa = XCConfigurationList;
			buildConfigurations = (
				957816632B6117AE00180EE6 /* Debug */,
				957816642B6117AE00180EE6 /* Release */,
			);
			defaultConfigurationIsVisible = 0;
			defaultConfigurationName = Release;
		};
/* End XCConfigurationList section */
	};
	rootObject = 957816302B6117AA00180EE6 /* Project object */;
}
